{
  "name": "10-action",
  "version": "1.0.0",
  "lockfileVersion": 1,
  "requires": true,
  "dependencies": {
    "@types/uuid": {
      "version": "8.3.4",
      "resolved": "https://registry.npmjs.org/@types/uuid/-/uuid-8.3.4.tgz",
      "integrity": "sha512-c/I8ZRb51j+pYGAu5CrFMRxqZ2ke4y2grEBO5AUjgSkSk+qT2Ea+OdWElz/OiMf5MNpn2b17kuVBwZLQJXzihw=="
    },
    "cypress-file-upload": {
      "version": "5.0.8",
      "resolved": "https://registry.npmjs.org/cypress-file-upload/-/cypress-file-upload-5.0.8.tgz",
      "integrity": "sha512-+8VzNabRk3zG6x8f8BWArF/xA/W0VK4IZNx3MV0jFWrJS/qKn8eHfa5nU73P9fOQAgwHFJx7zjg4lwOnljMO8g=="
    },
    "cypress-plugin-steps": {
      "version": "1.1.1",
      "resolved": "https://registry.npmjs.org/cypress-plugin-steps/-/cypress-plugin-steps-1.1.1.tgz",
      "integrity": "sha512-0TYBp8sIJovW9mfsN0uJXVMqW9XV9rqbX5fFwmbBmz0D2vMZShMD9BkBfjNC3Y812hZoTWw4dLE4UmV6fidycA=="
    },
    "cypress-wait-until": {
      "version": "3.0.1",
      "resolved": "https://registry.npmjs.org/cypress-wait-until/-/cypress-wait-until-3.0.1.tgz",
      "integrity": "sha512-kpoa8yL6Bi/JNsThGBbrrm7g4SNzYyBUv9M5pF6/NTVm/ClY0HnJzeuWnHiAUZKIZ5l86Oedb12wQyjx7/CWPg=="
    },
    "cypress-xpath": {
      "version": "2.0.1",
      "resolved": "https://registry.npmjs.org/cypress-xpath/-/cypress-xpath-2.0.1.tgz",
      "integrity": "sha512-qMagjvinBppNJdMAkucWESP9aP4rDTs7c96m0vwMuZTVx3NqP2E3z/hkoRf8Ea9soL8yTvUuuyF1cg/Sb1Yhbg=="
    },
    "generate-datafaker": {
      "version": "1.0.2",
      "resolved": "https://registry.npmjs.org/generate-datafaker/-/generate-datafaker-1.0.2.tgz",
      "integrity": "sha512-7GdQgKHsigC0LnaG8VemEBsbbjFtvU8aKAg8i7TkK2Mi/zQquPGrjZrTUscafUmqqd1Qd+s2Ivmjw9wMSqIy8A==",
      "requires": {
        "uuidv4": "^6.2.13"
      }
    },
    "uuid": {
      "version": "8.3.2",
      "resolved": "https://registry.npmjs.org/uuid/-/uuid-8.3.2.tgz",
      "integrity": "sha512-+NYs2QeMWy+GWFOEm9xnn6HCDp0l7QBD7ml8zLUmJ+93Q5NF0NocErnwkTkXVFNiX3/fpC6afS8Dhb/gz7R7eg=="
    },
    "uuidv4": {
      "version": "6.2.13",
      "resolved": "https://registry.npmjs.org/uuidv4/-/uuidv4-6.2.13.tgz",
      "integrity": "sha512-AXyzMjazYB3ovL3q051VLH06Ixj//Knx7QnUSi1T//Ie3io6CpsPu9nVMOx5MoLWh6xV0B9J0hIaxungxXUbPQ==",
      "requires": {
        "@types/uuid": "8.3.4",
        "uuid": "8.3.2"
      }
    }
  }
}
